// !$*UTF8*$!
{
	archiveVersion = 1;
	classes = {
	};
	objectVersion = 46;
	objects = {

/* Begin PBXBuildFile section */
		8FDE56F91B1EF9F400D123E5 /* main.m in Sources */ = {isa = PBXBuildFile; fileRef = 8FDE56F81B1EF9F400D123E5 /* main.m */; };
		8FDE56FC1B1EF9F400D123E5 /* AppDelegate.m in Sources */ = {isa = PBXBuildFile; fileRef = 8FDE56FB1B1EF9F400D123E5 /* AppDelegate.m */; };
		8FDE56FF1B1EF9F400D123E5 /* ViewController.m in Sources */ = {isa = PBXBuildFile; fileRef = 8FDE56FE1B1EF9F400D123E5 /* ViewController.m */; };
		8FDE57021B1EF9F400D123E5 /* Main.storyboard in Resources */ = {isa = PBXBuildFile; fileRef = 8FDE57001B1EF9F400D123E5 /* Main.storyboard */; };
		8FDE57041B1EF9F400D123E5 /* Images.xcassets in Resources */ = {isa = PBXBuildFile; fileRef = 8FDE57031B1EF9F400D123E5 /* Images.xcassets */; };
		8FDE57071B1EF9F400D123E5 /* LaunchScreen.xib in Resources */ = {isa = PBXBuildFile; fileRef = 8FDE57051B1EF9F400D123E5 /* LaunchScreen.xib */; };
		8FDE57131B1EF9F400D123E5 /* CalculateCellHeightTests.m in Sources */ = {isa = PBXBuildFile; fileRef = 8FDE57121B1EF9F400D123E5 /* CalculateCellHeightTests.m */; };
/* End PBXBuildFile section */

/* Begin PBXContainerItemProxy section */
		8FDE570D1B1EF9F400D123E5 /* PBXContainerItemProxy */ = {
			isa = PBXContainerItemProxy;
			containerPortal = 8FDE56EB1B1EF9F300D123E5 /* Project object */;
			proxyType = 1;
			remoteGlobalIDString = 8FDE56F21B1EF9F300D123E5;
			remoteInfo = CalculateCellHeight;
		};
/* End PBXContainerItemProxy section */

/* Begin PBXFileReference section */
		8FDE56F31B1EF9F300D123E5 /* CalculateCellHeight.app */ = {isa = PBXFileReference; explicitFileType = wrapper.application; includeInIndex = 0; path = CalculateCellHeight.app; sourceTree = BUILT_PRODUCTS_DIR; };
		8FDE56F71B1EF9F400D123E5 /* Info.plist */ = {isa = PBXFileReference; lastKnownFileType = text.plist.xml; path = Info.plist; sourceTree = "<group>"; };
		8FDE56F81B1EF9F400D123E5 /* main.m */ = {isa = PBXFileReference; lastKnownFileType = sourcecode.c.objc; path = main.m; sourceTree = "<group>"; };
		8FDE56FA1B1EF9F400D123E5 /* AppDelegate.h */ = {isa = PBXFileReference; lastKnownFileType = sourcecode.c.h; path = AppDelegate.h; sourceTree = "<group>"; };
		8FDE56FB1B1EF9F400D123E5 /* AppDelegate.m */ = {isa = PBXFileReference; lastKnownFileType = sourcecode.c.objc; path = AppDelegate.m; sourceTree = "<group>"; };
		8FDE56FD1B1EF9F400D123E5 /* ViewController.h */ = {isa = PBXFileReference; lastKnownFileType = sourcecode.c.h; path = ViewController.h; sourceTree = "<group>"; };
		8FDE56FE1B1EF9F400D123E5 /* ViewController.m */ = {isa = PBXFileReference; lastKnownFileType = sourcecode.c.objc; path = ViewController.m; sourceTree = "<group>"; };
		8FDE57011B1EF9F400D123E5 /* Base */ = {isa = PBXFileReference; lastKnownFileType = file.storyboard; name = Base; path = Base.lproj/Main.storyboard; sourceTree = "<group>"; };
		8FDE57031B1EF9F400D123E5 /* Images.xcassets */ = {isa = PBXFileReference; lastKnownFileType = folder.assetcatalog; path = Images.xcassets; sourceTree = "<group>"; };
		8FDE57061B1EF9F400D123E5 /* Base */ = {isa = PBXFileReference; lastKnownFileType = file.xib; name = Base; path = Base.lproj/LaunchScreen.xib; sourceTree = "<group>"; };
		8FDE570C1B1EF9F400D123E5 /* CalculateCellHeightTests.xctest */ = {isa = PBXFileReference; explicitFileType = wrapper.cfbundle; includeInIndex = 0; path = CalculateCellHeightTests.xctest; sourceTree = BUILT_PRODUCTS_DIR; };
		8FDE57111B1EF9F400D123E5 /* Info.plist */ = {isa = PBXFileReference; lastKnownFileType = text.plist.xml; path = Info.plist; sourceTree = "<group>"; };
		8FDE57121B1EF9F400D123E5 /* CalculateCellHeightTests.m */ = {isa = PBXFileReference; lastKnownFileType = sourcecode.c.objc; path = CalculateCellHeightTests.m; sourceTree = "<group>"; };
/* End PBXFileReference section */

/* Begin PBXFrameworksBuildPhase section */
		8FDE56F01B1EF9F300D123E5 /* Frameworks */ = {
			isa = PBXFrameworksBuildPhase;
			buildActionMask = 2147483647;
			files = (
			);
			runOnlyForDeploymentPostprocessing = 0;
		};
		8FDE57091B1EF9F400D123E5 /* Frameworks */ = {
			isa = PBXFrameworksBuildPhase;
			buildActionMask = 2147483647;
			files = (
			);
			runOnlyForDeploymentPostprocessing = 0;
		};
/* End PBXFrameworksBuildPhase section */

/* Begin PBXGroup section */
		8FDE56EA1B1EF9F300D123E5 = {
			isa = PBXGroup;
			children = (
				8FDE56F51B1EF9F300D123E5 /* CalculateCellHeight */,
				8FDE570F1B1EF9F400D123E5 /* CalculateCellHeightTests */,
				8FDE56F41B1EF9F300D123E5 /* Products */,
			);
			sourceTree = "<group>";
		};
		8FDE56F41B1EF9F300D123E5 /* Products */ = {
			isa = PBXGroup;
			children = (
				8FDE56F31B1EF9F300D123E5 /* CalculateCellHeight.app */,
				8FDE570C1B1EF9F400D123E5 /* CalculateCellHeightTests.xctest */,
			);
			name = Products;
			sourceTree = "<group>";
		};
		8FDE56F51B1EF9F300D123E5 /* CalculateCellHeight */ = {
			isa = PBXGroup;
			children = (
				8FDE56FA1B1EF9F400D123E5 /* AppDelegate.h */,
				8FDE56FB1B1EF9F400D123E5 /* AppDelegate.m */,
				8FDE56FD1B1EF9F400D123E5 /* ViewController.h */,
				8FDE56FE1B1EF9F400D123E5 /* ViewController.m */,
				8FDE57001B1EF9F400D123E5 /* Main.storyboard */,
				8FDE57031B1EF9F400D123E5 /* Images.xcassets */,
				8FDE57051B1EF9F400D123E5 /* LaunchScreen.xib */,
				8FDE56F61B1EF9F300D123E5 /* Supporting Files */,
			);
			path = CalculateCellHeight;
			sourceTree = "<group>";
		};
		8FDE56F61B1EF9F300D123E5 /* Supporting Files */ = {
			isa = PBXGroup;
			children = (
				8FDE56F71B1EF9F400D123E5 /* Info.plist */,
				8FDE56F81B1EF9F400D123E5 /* main.m */,
			);
			name = "Supporting Files";
			sourceTree = "<group>";
		};
		8FDE570F1B1EF9F400D123E5 /* CalculateCellHeightTests */ = {
			isa = PBXGroup;
			children = (
				8FDE57121B1EF9F400D123E5 /* CalculateCellHeightTests.m */,
				8FDE57101B1EF9F400D123E5 /* Supporting Files */,
			);
			path = CalculateCellHeightTests;
			sourceTree = "<group>";
		};
		8FDE57101B1EF9F400D123E5 /* Supporting Files */ = {
			isa = PBXGroup;
			children = (
				8FDE57111B1EF9F400D123E5 /* Info.plist */,
			);
			name = "Supporting Files";
			sourceTree = "<group>";
		};
/* End PBXGroup section */

/* Begin PBXNativeTarget section */
		8FDE56F21B1EF9F300D123E5 /* CalculateCellHeight */ = {
			isa = PBXNativeTarget;
			buildConfigurationList = 8FDE57161B1EF9F400D123E5 /* Build configuration list for PBXNativeTarget "CalculateCellHeight" */;
			buildPhases = (
				8FDE56EF1B1EF9F300D123E5 /* Sources */,
				8FDE56F01B1EF9F300D123E5 /* Frameworks */,
				8FDE56F11B1EF9F300D123E5 /* Resources */,
			);
			buildRules = (
			);
			dependencies = (
			);
			name = CalculateCellHeight;
			productName = CalculateCellHeight;
			productReference = 8FDE56F31B1EF9F300D123E5 /* CalculateCellHeight.app */;
			productType = "com.apple.product-type.application";
		};
		8FDE570B1B1EF9F400D123E5 /* CalculateCellHeightTests */ = {
			isa = PBXNativeTarget;
			buildConfigurationList = 8FDE57191B1EF9F400D123E5 /* Build configuration list for PBXNativeTarget "CalculateCellHeightTests" */;
			buildPhases = (
				8FDE57081B1EF9F400D123E5 /* Sources */,
				8FDE57091B1EF9F400D123E5 /* Frameworks */,
				8FDE570A1B1EF9F400D123E5 /* Resources */,
			);
			buildRules = (
			);
			dependencies = (
				8FDE570E1B1EF9F400D123E5 /* PBXTargetDependency */,
			);
			name = CalculateCellHeightTests;
			productName = CalculateCellHeightTests;
			productReference = 8FDE570C1B1EF9F400D123E5 /* CalculateCellHeightTests.xctest */;
			productType = "com.apple.product-type.bundle.unit-test";
		};
/* End PBXNativeTarget section */

/* Begin PBXProject section */
		8FDE56EB1B1EF9F300D123E5 /* Project object */ = {
			isa = PBXProject;
			attributes = {
				LastUpgradeCheck = 0630;
				ORGANIZATIONNAME = sundayliu;
				TargetAttributes = {
					8FDE56F21B1EF9F300D123E5 = {
						CreatedOnToolsVersion = 6.3.2;
					};
					8FDE570B1B1EF9F400D123E5 = {
						CreatedOnToolsVersion = 6.3.2;
						TestTargetID = 8FDE56F21B1EF9F300D123E5;
					};
				};
			};
			buildConfigurationList = 8FDE56EE1B1EF9F300D123E5 /* Build configuration list for PBXProject "CalculateCellHeight" */;
			compatibilityVersion = "Xcode 3.2";
			developmentRegion = English;
			hasScannedForEncodings = 0;
			knownRegions = (
				en,
				Base,
			);
			mainGroup = 8FDE56EA1B1EF9F300D123E5;
			productRefGroup = 8FDE56F41B1EF9F300D123E5 /* Products */;
			projectDirPath = "";
			projectRoot = "";
			targets = (
				8FDE56F21B1EF9F300D123E5 /* CalculateCellHeight */,
				8FDE570B1B1EF9F400D123E5 /* CalculateCellHeightTests */,
			);
		};
/* End PBXProject section */

/* Begin PBXResourcesBuildPhase section */
		8FDE56F11B1EF9F300D123E5 /* Resources */ = {
			isa = PBXResourcesBuildPhase;
			buildActionMask = 2147483647;
			files = (
				8FDE57021B1EF9F400D123E5 /* Main.storyboard in Resources */,
				8FDE57071B1EF9F400D123E5 /* LaunchScreen.xib in Resources */,
				8FDE57041B1EF9F400D123E5 /* Images.xcassets in Resources */,
			);
			runOnlyForDeploymentPostprocessing = 0;
		};
		8FDE570A1B1EF9F400D123E5 /* Resources */ = {
			isa = PBXResourcesBuildPhase;
			buildActionMask = 2147483647;
			files = (
			);
			runOnlyForDeploymentPostprocessing = 0;
		};
/* End PBXResourcesBuildPhase section */

/* Begin PBXSourcesBuildPhase section */
		8FDE56EF1B1EF9F300D123E5 /* Sources */ = {
			isa = PBXSourcesBuildPhase;
			buildActionMask = 2147483647;
			files = (
				8FDE56FF1B1EF9F400D123E5 /* ViewController.m in Sources */,
				8FDE56FC1B1EF9F400D123E5 /* AppDelegate.m in Sources */,
				8FDE56F91B1EF9F400D123E5 /* main.m in Sources */,
			);
			runOnlyForDeploymentPostprocessing = 0;
		};
		8FDE57081B1EF9F400D123E5 /* Sources */ = {
			isa = PBXSourcesBuildPhase;
			buildActionMask = 2147483647;
			files = (
				8FDE57131B1EF9F400D123E5 /* CalculateCellHeightTests.m in Sources */,
			);
			runOnlyForDeploymentPostprocessing = 0;
		};
/* End PBXSourcesBuildPhase section */

/* Begin PBXTargetDependency section */
		8FDE570E1B1EF9F400D123E5 /* PBXTargetDependency */ = {
			isa = PBXTargetDependency;
			target = 8FDE56F21B1EF9F300D123E5 /* CalculateCellHeight */;
			targetProxy = 8FDE570D1B1EF9F400D123E5 /* PBXContainerItemProxy */;
		};
/* End PBXTargetDependency section */

/* Begin PBXVariantGroup section */
		8FDE57001B1EF9F400D123E5 /* Main.storyboard */ = {
			isa = PBXVariantGroup;
			children = (
				8FDE57011B1EF9F400D123E5 /* Base */,
			);
			name = Main.storyboard;
			sourceTree = "<group>";
		};
		8FDE57051B1EF9F400D123E5 /* LaunchScreen.xib */ = {
			isa = PBXVariantGroup;
			children = (
				8FDE57061B1EF9F400D123E5 /* Base */,
			);
			name = LaunchScreen.xib;
			sourceTree = "<group>";
		};
/* End PBXVariantGroup section */

/* Begin XCBuildConfiguration section */
		8FDE57141B1EF9F400D123E5 /* Debug */ = {
			isa = XCBuildConfiguration;
			buildSettings = {
				ALWAYS_SEARCH_USER_PATHS = NO;
				CLANG_CXX_LANGUAGE_STANDARD = "gnu++0x";
				CLANG_CXX_LIBRARY = "libc++";
				CLANG_ENABLE_MODULES = YES;
				CLANG_ENABLE_OBJC_ARC = YES;
				CLANG_WARN_BOOL_CONVERSION = YES;
				CLANG_WARN_CONSTANT_CONVERSION = YES;
				CLANG_WARN_DIRECT_OBJC_ISA_USAGE = YES_ERROR;
				CLANG_WARN_EMPTY_BODY = YES;
				CLANG_WARN_ENUM_CONVERSION = YES;
				CLANG_WARN_INT_CONVERSION = YES;
				CLANG_WARN_OBJC_ROOT_CLASS = YES_ERROR;
				CLANG_WARN_UNREACHABLE_CODE = YES;
				CLANG_WARN__DUPLICATE_METHOD_MATCH = YES;
				"CODE_SIGN_IDENTITY[sdk=iphoneos*]" = "iPhone Developer";
				COPY_PHASE_STRIP = NO;
				DEBUG_INFORMATION_FORMAT = "dwarf-with-dsym";
				ENABLE_STRICT_OBJC_MSGSEND = YES;
				GCC_C_LANGUAGE_STANDARD = gnu99;
				GCC_DYNAMIC_NO_PIC = NO;
				GCC_NO_COMMON_BLOCKS = YES;
				GCC_OPTIMIZATION_LEVEL = 0;
				GCC_PREPROCESSOR_DEFINITIONS = (
					"DEBUG=1",
					"$(inherited)",
				);
				GCC_SYMBOLS_PRIVATE_EXTERN = NO;
				GCC_WARN_64_TO_32_BIT_CONVERSION = YES;
				GCC_WARN_ABOUT_RETURN_TYPE = YES_ERROR;
				GCC_WARN_UNDECLARED_SELECTOR = YES;
				GCC_WARN_UNINITIALIZED_AUTOS = YES_AGGRESSIVE;
				GCC_WARN_UNUSED_FUNCTION = YES;
				GCC_WARN_UNUSED_VARIABLE = YES;
				IPHONEOS_DEPLOYMENT_TARGET = 8.3;
				MTL_ENABLE_DEBUG_INFO = YES;
				ONLY_ACTIVE_ARCH = YES;
				SDKROOT = iphoneos;
				TARGETED_DEVICE_FAMILY = "1,2";
			};
			name = Debug;
		};
		8FDE57151B1EF9F400D123E5 /* Release */ = {
			isa = XCBuildConfiguration;
			buildSettings = {
				ALWAYS_SEARCH_USER_PATHS = NO;
				CLANG_CXX_LANGUAGE_STANDARD = "gnu++0x";
				CLANG_CXX_LIBRARY = "libc++";
				CLANG_ENABLE_MODULES = YES;
				CLANG_ENABLE_OBJC_ARC = YES;
				CLANG_WARN_BOOL_CONVERSION = YES;
				CLANG_WARN_CONSTANT_CONVERSION = YES;
				CLANG_WARN_DIRECT_OBJC_ISA_USAGE = YES_ERROR;
				CLANG_WARN_EMPTY_BODY = YES;
				CLANG_WARN_ENUM_CONVERSION = YES;
				CLANG_WARN_INT_CONVERSION = YES;
				CLANG_WARN_OBJC_ROOT_CLASS = YES_ERROR;
				CLANG_WARN_UNREACHABLE_CODE = YES;
				CLANG_WARN__DUPLICATE_METHOD_MATCH = YES;
				"CODE_SIGN_IDENTITY[sdk=iphoneos*]" = "iPhone Developer";
				COPY_PHASE_STRIP = NO;
				DEBUG_INFORMATION_FORMAT = "dwarf-with-dsym";
				ENABLE_NS_ASSERTIONS = NO;
				ENABLE_STRICT_OBJC_MSGSEND = YES;
				GCC_C_LANGUAGE_STANDARD = gnu99;
				GCC_NO_COMMON_BLOCKS = YES;
				GCC_WARN_64_TO_32_BIT_CONVERSION = YES;
				GCC_WARN_ABOUT_RETURN_TYPE = YES_ERROR;
				GCC_WARN_UNDECLARED_SELECTOR = YES;
				GCC_WARN_UNINITIALIZED_AUTOS = YES_AGGRESSIVE;
				GCC_WARN_UNUSED_FUNCTION = YES;
				GCC_WARN_UNUSED_VARIABLE = YES;
				IPHONEOS_DEPLOYMENT_TARGET = 8.3;
				MTL_ENABLE_DEBUG_INFO = NO;
				SDKROOT = iphoneos;
				TARGETED_DEVICE_FAMILY = "1,2";
				VALIDATE_PRODUCT = YES;
			};
			name = Release;
		};
		8FDE57171B1EF9F400D123E5 /* Debug */ = {
			isa = XCBuildConfiguration;
			buildSettings = {
				ASSETCATALOG_COMPILER_APPICON_NAME = AppIcon;
				ASSETCATALOG_COMPILER_LAUNCHIMAGE_NAME = LaunchImage;
				INFOPLIST_FILE = CalculateCellHeight/Info.plist;
				IPHONEOS_DEPLOYMENT_TARGET = 6.0;
				LD_RUNPATH_SEARCH_PATHS = "$(inherited) @executable_path/Frameworks";
				PRODUCT_NAME = "$(TARGET_NAME)";
			};
			name = Debug;
		};
		8FDE57181B1EF9F400D123E5 /* Release */ = {
			isa = XCBuildConfiguration;
			buildSettings = {
				ASSETCATALOG_COMPILER_APPICON_NAME = AppIcon;
				ASSETCATALOG_COMPILER_LAUNCHIMAGE_NAME = LaunchImage;
				INFOPLIST_FILE = CalculateCellHeight/Info.plist;
				IPHONEOS_DEPLOYMENT_TARGET = 6.0;
				LD_RUNPATH_SEARCH_PATHS = "$(inherited) @executable_path/Frameworks";
				PRODUCT_NAME = "$(TARGET_NAME)";
			};
			name = Release;
		};
		8FDE571A1B1EF9F400D123E5 /* Debug */ = {
			isa = XCBuildConfiguration;
			buildSettings = {
				BUNDLE_LOADER = "$(TEST_HOST)";
				FRAMEWORK_SEARCH_PATHS = (
					"$(SDKROOT)/Developer/Library/Frameworks",
					"$(inherited)",
				);
				GCC_PREPROCESSOR_DEFINITIONS = (
					"DEBUG=1",
					"$(inherited)",
				);
				INFOPLIST_FILE = CalculateCellHeightTests/Info.plist;
				LD_RUNPATH_SEARCH_PATHS = "$(inherited) @executable_path/Frameworks @loader_path/Frameworks";
				PRODUCT_NAME = "$(TARGET_NAME)";
				TEST_HOST = "$(BUILT_PRODUCTS_DIR)/CalculateCellHeight.app/CalculateCellHeight";
			};
			name = Debug;
		};
		8FDE571B1B1EF9F400D123E5 /* Release */ = {
			isa = XCBuildConfiguration;
			buildSettings = {
				BUNDLE_LOADER = "$(TEST_HOST)";
				FRAMEWORK_SEARCH_PATHS = (
					"$(SDKROOT)/Developer/Library/Frameworks",
					"$(inherited)",
				);
				INFOPLIST_FILE = CalculateCellHeightTests/Info.plist;
				LD_RUNPATH_SEARCH_PATHS = "$(inherited) @executable_path/Frameworks @loader_path/Frameworks";
				PRODUCT_NAME = "$(TARGET_NAME)";
				TEST_HOST = "$(BUILT_PRODUCTS_DIR)/CalculateCellHeight.app/CalculateCellHeight";
			};
			name = Release;
		};
/* End XCBuildConfiguration section */

/* Begin XCConfigurationList section */
		8FDE56EE1B1EF9F300D123E5 /* Build configuration list for PBXProject "CalculateCellHeight" */ = {
			isa = XCConfigurationList;
			buildConfigurations = (
				8FDE57141B1EF9F400D123E5 /* Debug */,
				8FDE57151B1EF9F400D123E5 /* Release */,
			);
			defaultConfigurationIsVisible = 0;
			defaultConfigurationName = Release;
		};
		8FDE57161B1EF9F400D123E5 /* Build configuration list for PBXNativeTarget "CalculateCellHeight" */ = {
			isa = XCConfigurationList;
			buildConfigurations = (
				8FDE57171B1EF9F400D123E5 /* Debug */,
				8FDE57181B1EF9F400D123E5 /* Release */,
			);
			defaultConfigurationIsVisible = 0;
		};
		8FDE57191B1EF9F400D123E5 /* Build configuration list for PBXNativeTarget "CalculateCellHeightTests" */ = {
			isa = XCConfigurationList;
			buildConfigurations = (
				8FDE571A1B1EF9F400D123E5 /* Debug */,
				8FDE571B1B1EF9F400D123E5 /* Release */,
			);
			defaultConfigurationIsVisible = 0;
		};
/* End XCConfigurationList section */
	};
	rootObject = 8FDE56EB1B1EF9F300D123E5 /* Project object */;
}
