// !$*UTF8*$!
{
	archiveVersion = 1;
	classes = {
	};
	objectVersion = 46;
	objects = {

/* Begin PBXBuildFile section */
		92E3078D1B1F623F0009E084 /* main.m in Sources */ = {isa = PBXBuildFile; fileRef = 92E3078C1B1F623F0009E084 /* main.m */; };
		92E307901B1F623F0009E084 /* AppDelegate.m in Sources */ = {isa = PBXBuildFile; fileRef = 92E3078F1B1F623F0009E084 /* AppDelegate.m */; };
		92E307931B1F623F0009E084 /* ViewController.m in Sources */ = {isa = PBXBuildFile; fileRef = 92E307921B1F623F0009E084 /* ViewController.m */; };
		92E307961B1F623F0009E084 /* Main.storyboard in Resources */ = {isa = PBXBuildFile; fileRef = 92E307941B1F623F0009E084 /* Main.storyboard */; };
		92E307981B1F623F0009E084 /* Images.xcassets in Resources */ = {isa = PBXBuildFile; fileRef = 92E307971B1F623F0009E084 /* Images.xcassets */; };
		92E3079B1B1F623F0009E084 /* LaunchScreen.xib in Resources */ = {isa = PBXBuildFile; fileRef = 92E307991B1F623F0009E084 /* LaunchScreen.xib */; };
		92E307A71B1F623F0009E084 /* PictureBrowserTests.m in Sources */ = {isa = PBXBuildFile; fileRef = 92E307A61B1F623F0009E084 /* PictureBrowserTests.m */; };
/* End PBXBuildFile section */

/* Begin PBXContainerItemProxy section */
		92E307A11B1F623F0009E084 /* PBXContainerItemProxy */ = {
			isa = PBXContainerItemProxy;
			containerPortal = 92E3077F1B1F623F0009E084 /* Project object */;
			proxyType = 1;
			remoteGlobalIDString = 92E307861B1F623F0009E084;
			remoteInfo = PictureBrowser;
		};
/* End PBXContainerItemProxy section */

/* Begin PBXFileReference section */
		92E307871B1F623F0009E084 /* PictureBrowser.app */ = {isa = PBXFileReference; explicitFileType = wrapper.application; includeInIndex = 0; path = PictureBrowser.app; sourceTree = BUILT_PRODUCTS_DIR; };
		92E3078B1B1F623F0009E084 /* Info.plist */ = {isa = PBXFileReference; lastKnownFileType = text.plist.xml; path = Info.plist; sourceTree = "<group>"; };
		92E3078C1B1F623F0009E084 /* main.m */ = {isa = PBXFileReference; lastKnownFileType = sourcecode.c.objc; path = main.m; sourceTree = "<group>"; };
		92E3078E1B1F623F0009E084 /* AppDelegate.h */ = {isa = PBXFileReference; lastKnownFileType = sourcecode.c.h; path = AppDelegate.h; sourceTree = "<group>"; };
		92E3078F1B1F623F0009E084 /* AppDelegate.m */ = {isa = PBXFileReference; lastKnownFileType = sourcecode.c.objc; path = AppDelegate.m; sourceTree = "<group>"; };
		92E307911B1F623F0009E084 /* ViewController.h */ = {isa = PBXFileReference; lastKnownFileType = sourcecode.c.h; path = ViewController.h; sourceTree = "<group>"; };
		92E307921B1F623F0009E084 /* ViewController.m */ = {isa = PBXFileReference; lastKnownFileType = sourcecode.c.objc; path = ViewController.m; sourceTree = "<group>"; };
		92E307951B1F623F0009E084 /* Base */ = {isa = PBXFileReference; lastKnownFileType = file.storyboard; name = Base; path = Base.lproj/Main.storyboard; sourceTree = "<group>"; };
		92E307971B1F623F0009E084 /* Images.xcassets */ = {isa = PBXFileReference; lastKnownFileType = folder.assetcatalog; path = Images.xcassets; sourceTree = "<group>"; };
		92E3079A1B1F623F0009E084 /* Base */ = {isa = PBXFileReference; lastKnownFileType = file.xib; name = Base; path = Base.lproj/LaunchScreen.xib; sourceTree = "<group>"; };
		92E307A01B1F623F0009E084 /* PictureBrowserTests.xctest */ = {isa = PBXFileReference; explicitFileType = wrapper.cfbundle; includeInIndex = 0; path = PictureBrowserTests.xctest; sourceTree = BUILT_PRODUCTS_DIR; };
		92E307A51B1F623F0009E084 /* Info.plist */ = {isa = PBXFileReference; lastKnownFileType = text.plist.xml; path = Info.plist; sourceTree = "<group>"; };
		92E307A61B1F623F0009E084 /* PictureBrowserTests.m */ = {isa = PBXFileReference; lastKnownFileType = sourcecode.c.objc; path = PictureBrowserTests.m; sourceTree = "<group>"; };
/* End PBXFileReference section */

/* Begin PBXFrameworksBuildPhase section */
		92E307841B1F623F0009E084 /* Frameworks */ = {
			isa = PBXFrameworksBuildPhase;
			buildActionMask = 2147483647;
			files = (
			);
			runOnlyForDeploymentPostprocessing = 0;
		};
		92E3079D1B1F623F0009E084 /* Frameworks */ = {
			isa = PBXFrameworksBuildPhase;
			buildActionMask = 2147483647;
			files = (
			);
			runOnlyForDeploymentPostprocessing = 0;
		};
/* End PBXFrameworksBuildPhase section */

/* Begin PBXGroup section */
		92E3077E1B1F623F0009E084 = {
			isa = PBXGroup;
			children = (
				92E307891B1F623F0009E084 /* PictureBrowser */,
				92E307A31B1F623F0009E084 /* PictureBrowserTests */,
				92E307881B1F623F0009E084 /* Products */,
			);
			sourceTree = "<group>";
		};
		92E307881B1F623F0009E084 /* Products */ = {
			isa = PBXGroup;
			children = (
				92E307871B1F623F0009E084 /* PictureBrowser.app */,
				92E307A01B1F623F0009E084 /* PictureBrowserTests.xctest */,
			);
			name = Products;
			sourceTree = "<group>";
		};
		92E307891B1F623F0009E084 /* PictureBrowser */ = {
			isa = PBXGroup;
			children = (
				92E3078E1B1F623F0009E084 /* AppDelegate.h */,
				92E3078F1B1F623F0009E084 /* AppDelegate.m */,
				92E307911B1F623F0009E084 /* ViewController.h */,
				92E307921B1F623F0009E084 /* ViewController.m */,
				92E307941B1F623F0009E084 /* Main.storyboard */,
				92E307971B1F623F0009E084 /* Images.xcassets */,
				92E307991B1F623F0009E084 /* LaunchScreen.xib */,
				92E3078A1B1F623F0009E084 /* Supporting Files */,
			);
			path = PictureBrowser;
			sourceTree = "<group>";
		};
		92E3078A1B1F623F0009E084 /* Supporting Files */ = {
			isa = PBXGroup;
			children = (
				92E3078B1B1F623F0009E084 /* Info.plist */,
				92E3078C1B1F623F0009E084 /* main.m */,
			);
			name = "Supporting Files";
			sourceTree = "<group>";
		};
		92E307A31B1F623F0009E084 /* PictureBrowserTests */ = {
			isa = PBXGroup;
			children = (
				92E307A61B1F623F0009E084 /* PictureBrowserTests.m */,
				92E307A41B1F623F0009E084 /* Supporting Files */,
			);
			path = PictureBrowserTests;
			sourceTree = "<group>";
		};
		92E307A41B1F623F0009E084 /* Supporting Files */ = {
			isa = PBXGroup;
			children = (
				92E307A51B1F623F0009E084 /* Info.plist */,
			);
			name = "Supporting Files";
			sourceTree = "<group>";
		};
/* End PBXGroup section */

/* Begin PBXNativeTarget section */
		92E307861B1F623F0009E084 /* PictureBrowser */ = {
			isa = PBXNativeTarget;
			buildConfigurationList = 92E307AA1B1F623F0009E084 /* Build configuration list for PBXNativeTarget "PictureBrowser" */;
			buildPhases = (
				92E307831B1F623F0009E084 /* Sources */,
				92E307841B1F623F0009E084 /* Frameworks */,
				92E307851B1F623F0009E084 /* Resources */,
			);
			buildRules = (
			);
			dependencies = (
			);
			name = PictureBrowser;
			productName = PictureBrowser;
			productReference = 92E307871B1F623F0009E084 /* PictureBrowser.app */;
			productType = "com.apple.product-type.application";
		};
		92E3079F1B1F623F0009E084 /* PictureBrowserTests */ = {
			isa = PBXNativeTarget;
			buildConfigurationList = 92E307AD1B1F623F0009E084 /* Build configuration list for PBXNativeTarget "PictureBrowserTests" */;
			buildPhases = (
				92E3079C1B1F623F0009E084 /* Sources */,
				92E3079D1B1F623F0009E084 /* Frameworks */,
				92E3079E1B1F623F0009E084 /* Resources */,
			);
			buildRules = (
			);
			dependencies = (
				92E307A21B1F623F0009E084 /* PBXTargetDependency */,
			);
			name = PictureBrowserTests;
			productName = PictureBrowserTests;
			productReference = 92E307A01B1F623F0009E084 /* PictureBrowserTests.xctest */;
			productType = "com.apple.product-type.bundle.unit-test";
		};
/* End PBXNativeTarget section */

/* Begin PBXProject section */
		92E3077F1B1F623F0009E084 /* Project object */ = {
			isa = PBXProject;
			attributes = {
				LastUpgradeCheck = 0630;
				ORGANIZATIONNAME = chameleonliu;
				TargetAttributes = {
					92E307861B1F623F0009E084 = {
						CreatedOnToolsVersion = 6.3.2;
					};
					92E3079F1B1F623F0009E084 = {
						CreatedOnToolsVersion = 6.3.2;
						TestTargetID = 92E307861B1F623F0009E084;
					};
				};
			};
			buildConfigurationList = 92E307821B1F623F0009E084 /* Build configuration list for PBXProject "PictureBrowser" */;
			compatibilityVersion = "Xcode 3.2";
			developmentRegion = English;
			hasScannedForEncodings = 0;
			knownRegions = (
				en,
				Base,
			);
			mainGroup = 92E3077E1B1F623F0009E084;
			productRefGroup = 92E307881B1F623F0009E084 /* Products */;
			projectDirPath = "";
			projectRoot = "";
			targets = (
				92E307861B1F623F0009E084 /* PictureBrowser */,
				92E3079F1B1F623F0009E084 /* PictureBrowserTests */,
			);
		};
/* End PBXProject section */

/* Begin PBXResourcesBuildPhase section */
		92E307851B1F623F0009E084 /* Resources */ = {
			isa = PBXResourcesBuildPhase;
			buildActionMask = 2147483647;
			files = (
				92E307961B1F623F0009E084 /* Main.storyboard in Resources */,
				92E3079B1B1F623F0009E084 /* LaunchScreen.xib in Resources */,
				92E307981B1F623F0009E084 /* Images.xcassets in Resources */,
			);
			runOnlyForDeploymentPostprocessing = 0;
		};
		92E3079E1B1F623F0009E084 /* Resources */ = {
			isa = PBXResourcesBuildPhase;
			buildActionMask = 2147483647;
			files = (
			);
			runOnlyForDeploymentPostprocessing = 0;
		};
/* End PBXResourcesBuildPhase section */

/* Begin PBXSourcesBuildPhase section */
		92E307831B1F623F0009E084 /* Sources */ = {
			isa = PBXSourcesBuildPhase;
			buildActionMask = 2147483647;
			files = (
				92E307931B1F623F0009E084 /* ViewController.m in Sources */,
				92E307901B1F623F0009E084 /* AppDelegate.m in Sources */,
				92E3078D1B1F623F0009E084 /* main.m in Sources */,
			);
			runOnlyForDeploymentPostprocessing = 0;
		};
		92E3079C1B1F623F0009E084 /* Sources */ = {
			isa = PBXSourcesBuildPhase;
			buildActionMask = 2147483647;
			files = (
				92E307A71B1F623F0009E084 /* PictureBrowserTests.m in Sources */,
			);
			runOnlyForDeploymentPostprocessing = 0;
		};
/* End PBXSourcesBuildPhase section */

/* Begin PBXTargetDependency section */
		92E307A21B1F623F0009E084 /* PBXTargetDependency */ = {
			isa = PBXTargetDependency;
			target = 92E307861B1F623F0009E084 /* PictureBrowser */;
			targetProxy = 92E307A11B1F623F0009E084 /* PBXContainerItemProxy */;
		};
/* End PBXTargetDependency section */

/* Begin PBXVariantGroup section */
		92E307941B1F623F0009E084 /* Main.storyboard */ = {
			isa = PBXVariantGroup;
			children = (
				92E307951B1F623F0009E084 /* Base */,
			);
			name = Main.storyboard;
			sourceTree = "<group>";
		};
		92E307991B1F623F0009E084 /* LaunchScreen.xib */ = {
			isa = PBXVariantGroup;
			children = (
				92E3079A1B1F623F0009E084 /* Base */,
			);
			name = LaunchScreen.xib;
			sourceTree = "<group>";
		};
/* End PBXVariantGroup section */

/* Begin XCBuildConfiguration section */
		92E307A81B1F623F0009E084 /* Debug */ = {
			isa = XCBuildConfiguration;
			buildSettings = {
				ALWAYS_SEARCH_USER_PATHS = NO;
				CLANG_CXX_LANGUAGE_STANDARD = "gnu++0x";
				CLANG_CXX_LIBRARY = "libc++";
				CLANG_ENABLE_MODULES = YES;
				CLANG_ENABLE_OBJC_ARC = YES;
				CLANG_WARN_BOOL_CONVERSION = YES;
				CLANG_WARN_CONSTANT_CONVERSION = YES;
				CLANG_WARN_DIRECT_OBJC_ISA_USAGE = YES_ERROR;
				CLANG_WARN_EMPTY_BODY = YES;
				CLANG_WARN_ENUM_CONVERSION = YES;
				CLANG_WARN_INT_CONVERSION = YES;
				CLANG_WARN_OBJC_ROOT_CLASS = YES_ERROR;
				CLANG_WARN_UNREACHABLE_CODE = YES;
				CLANG_WARN__DUPLICATE_METHOD_MATCH = YES;
				"CODE_SIGN_IDENTITY[sdk=iphoneos*]" = "iPhone Developer";
				COPY_PHASE_STRIP = NO;
				DEBUG_INFORMATION_FORMAT = "dwarf-with-dsym";
				ENABLE_STRICT_OBJC_MSGSEND = YES;
				GCC_C_LANGUAGE_STANDARD = gnu99;
				GCC_DYNAMIC_NO_PIC = NO;
				GCC_NO_COMMON_BLOCKS = YES;
				GCC_OPTIMIZATION_LEVEL = 0;
				GCC_PREPROCESSOR_DEFINITIONS = (
					"DEBUG=1",
					"$(inherited)",
				);
				GCC_SYMBOLS_PRIVATE_EXTERN = NO;
				GCC_WARN_64_TO_32_BIT_CONVERSION = YES;
				GCC_WARN_ABOUT_RETURN_TYPE = YES_ERROR;
				GCC_WARN_UNDECLARED_SELECTOR = YES;
				GCC_WARN_UNINITIALIZED_AUTOS = YES_AGGRESSIVE;
				GCC_WARN_UNUSED_FUNCTION = YES;
				GCC_WARN_UNUSED_VARIABLE = YES;
				IPHONEOS_DEPLOYMENT_TARGET = 8.3;
				MTL_ENABLE_DEBUG_INFO = YES;
				ONLY_ACTIVE_ARCH = YES;
				SDKROOT = iphoneos;
				TARGETED_DEVICE_FAMILY = "1,2";
			};
			name = Debug;
		};
		92E307A91B1F623F0009E084 /* Release */ = {
			isa = XCBuildConfiguration;
			buildSettings = {
				ALWAYS_SEARCH_USER_PATHS = NO;
				CLANG_CXX_LANGUAGE_STANDARD = "gnu++0x";
				CLANG_CXX_LIBRARY = "libc++";
				CLANG_ENABLE_MODULES = YES;
				CLANG_ENABLE_OBJC_ARC = YES;
				CLANG_WARN_BOOL_CONVERSION = YES;
				CLANG_WARN_CONSTANT_CONVERSION = YES;
				CLANG_WARN_DIRECT_OBJC_ISA_USAGE = YES_ERROR;
				CLANG_WARN_EMPTY_BODY = YES;
				CLANG_WARN_ENUM_CONVERSION = YES;
				CLANG_WARN_INT_CONVERSION = YES;
				CLANG_WARN_OBJC_ROOT_CLASS = YES_ERROR;
				CLANG_WARN_UNREACHABLE_CODE = YES;
				CLANG_WARN__DUPLICATE_METHOD_MATCH = YES;
				"CODE_SIGN_IDENTITY[sdk=iphoneos*]" = "iPhone Developer";
				COPY_PHASE_STRIP = NO;
				DEBUG_INFORMATION_FORMAT = "dwarf-with-dsym";
				ENABLE_NS_ASSERTIONS = NO;
				ENABLE_STRICT_OBJC_MSGSEND = YES;
				GCC_C_LANGUAGE_STANDARD = gnu99;
				GCC_NO_COMMON_BLOCKS = YES;
				GCC_WARN_64_TO_32_BIT_CONVERSION = YES;
				GCC_WARN_ABOUT_RETURN_TYPE = YES_ERROR;
				GCC_WARN_UNDECLARED_SELECTOR = YES;
				GCC_WARN_UNINITIALIZED_AUTOS = YES_AGGRESSIVE;
				GCC_WARN_UNUSED_FUNCTION = YES;
				GCC_WARN_UNUSED_VARIABLE = YES;
				IPHONEOS_DEPLOYMENT_TARGET = 8.3;
				MTL_ENABLE_DEBUG_INFO = NO;
				SDKROOT = iphoneos;
				TARGETED_DEVICE_FAMILY = "1,2";
				VALIDATE_PRODUCT = YES;
			};
			name = Release;
		};
		92E307AB1B1F623F0009E084 /* Debug */ = {
			isa = XCBuildConfiguration;
			buildSettings = {
				ASSETCATALOG_COMPILER_APPICON_NAME = AppIcon;
				ASSETCATALOG_COMPILER_LAUNCHIMAGE_NAME = LaunchImage;
				INFOPLIST_FILE = PictureBrowser/Info.plist;
				IPHONEOS_DEPLOYMENT_TARGET = 6.0;
				LD_RUNPATH_SEARCH_PATHS = "$(inherited) @executable_path/Frameworks";
				PRODUCT_NAME = "$(TARGET_NAME)";
			};
			name = Debug;
		};
		92E307AC1B1F623F0009E084 /* Release */ = {
			isa = XCBuildConfiguration;
			buildSettings = {
				ASSETCATALOG_COMPILER_APPICON_NAME = AppIcon;
				ASSETCATALOG_COMPILER_LAUNCHIMAGE_NAME = LaunchImage;
				INFOPLIST_FILE = PictureBrowser/Info.plist;
				IPHONEOS_DEPLOYMENT_TARGET = 6.0;
				LD_RUNPATH_SEARCH_PATHS = "$(inherited) @executable_path/Frameworks";
				PRODUCT_NAME = "$(TARGET_NAME)";
			};
			name = Release;
		};
		92E307AE1B1F623F0009E084 /* Debug */ = {
			isa = XCBuildConfiguration;
			buildSettings = {
				BUNDLE_LOADER = "$(TEST_HOST)";
				FRAMEWORK_SEARCH_PATHS = (
					"$(SDKROOT)/Developer/Library/Frameworks",
					"$(inherited)",
				);
				GCC_PREPROCESSOR_DEFINITIONS = (
					"DEBUG=1",
					"$(inherited)",
				);
				INFOPLIST_FILE = PictureBrowserTests/Info.plist;
				LD_RUNPATH_SEARCH_PATHS = "$(inherited) @executable_path/Frameworks @loader_path/Frameworks";
				PRODUCT_NAME = "$(TARGET_NAME)";
				TEST_HOST = "$(BUILT_PRODUCTS_DIR)/PictureBrowser.app/PictureBrowser";
			};
			name = Debug;
		};
		92E307AF1B1F623F0009E084 /* Release */ = {
			isa = XCBuildConfiguration;
			buildSettings = {
				BUNDLE_LOADER = "$(TEST_HOST)";
				FRAMEWORK_SEARCH_PATHS = (
					"$(SDKROOT)/Developer/Library/Frameworks",
					"$(inherited)",
				);
				INFOPLIST_FILE = PictureBrowserTests/Info.plist;
				LD_RUNPATH_SEARCH_PATHS = "$(inherited) @executable_path/Frameworks @loader_path/Frameworks";
				PRODUCT_NAME = "$(TARGET_NAME)";
				TEST_HOST = "$(BUILT_PRODUCTS_DIR)/PictureBrowser.app/PictureBrowser";
			};
			name = Release;
		};
/* End XCBuildConfiguration section */

/* Begin XCConfigurationList section */
		92E307821B1F623F0009E084 /* Build configuration list for PBXProject "PictureBrowser" */ = {
			isa = XCConfigurationList;
			buildConfigurations = (
				92E307A81B1F623F0009E084 /* Debug */,
				92E307A91B1F623F0009E084 /* Release */,
			);
			defaultConfigurationIsVisible = 0;
			defaultConfigurationName = Release;
		};
		92E307AA1B1F623F0009E084 /* Build configuration list for PBXNativeTarget "PictureBrowser" */ = {
			isa = XCConfigurationList;
			buildConfigurations = (
				92E307AB1B1F623F0009E084 /* Debug */,
				92E307AC1B1F623F0009E084 /* Release */,
			);
			defaultConfigurationIsVisible = 0;
		};
		92E307AD1B1F623F0009E084 /* Build configuration list for PBXNativeTarget "PictureBrowserTests" */ = {
			isa = XCConfigurationList;
			buildConfigurations = (
				92E307AE1B1F623F0009E084 /* Debug */,
				92E307AF1B1F623F0009E084 /* Release */,
			);
			defaultConfigurationIsVisible = 0;
		};
/* End XCConfigurationList section */
	};
	rootObject = 92E3077F1B1F623F0009E084 /* Project object */;
}
